
Microsoft Visual Studio Solution File, Format Version 12.00
# Visual Studio Version 16
VisualStudioVersion = 16.0.33801.447
MinimumVisualStudioVersion = 10.0.40219.1
Project("{8BC9CEB8-8B4A-11D0-8D11-00A0C91BC942}") = "内存四区", "内存四区\内存四区.vcxproj", "{EA808088-EEE6-45FD-8A6C-9466B986DEFC}"
EndProject
Global
	GlobalSection(SolutionConfigurationPlatforms) = preSolution
		Debug|x64 = Debug|x64
		Debug|x86 = Debug|x86
		Release|x64 = Release|x64
		Release|x86 = Release|x86
	EndGlobalSection
	GlobalSection(ProjectConfigurationPlatforms) = postSolution
		{EA808088-EEE6-45FD-8A6C-9466B986DEFC}.Debug|x64.ActiveCfg = Debug|x64
		{EA808088-EEE6-45FD-8A6C-9466B986DEFC}.Debug|x64.Build.0 = Debug|x64
		{EA808088-EEE6-45FD-8A6C-9466B986DEFC}.Debug|x86.ActiveCfg = Debug|Win32
		{EA808088-EEE6-45FD-8A6C-9466B986DEFC}.Debug|x86.Build.0 = Debug|Win32
		{EA808088-EEE6-45FD-8A6C-9466B986DEFC}.Release|x64.ActiveCfg = Release|x64
		{EA808088-EEE6-45FD-8A6C-9466B986DEFC}.Release|x64.Build.0 = Release|x64
		{EA808088-EEE6-45FD-8A6C-9466B986DEFC}.Release|x86.ActiveCfg = Release|Win32
		{EA808088-EEE6-45FD-8A6C-9466B986DEFC}.Release|x86.Build.0 = Release|Win32
	EndGlobalSection
	GlobalSection(SolutionProperties) = preSolution
		HideSolutionNode = FALSE
	EndGlobalSection
	GlobalSection(ExtensibilityGlobals) = postSolution
		SolutionGuid = {445C39F7-4EF9-4FDB-BA6E-BAE152E2A4A1}
	EndGlobalSection
EndGlobal
